// !$*UTF8*$!
{
	archiveVersion = 1;
	classes = {
	};
	objectVersion = 56;
	objects = {

/* Begin PBXBuildFile section */
		A31038112C6A8117005405C1 /* ProfileAccountView.swift in Sources */ = {isa = PBXBuildFile; fileRef = A310380F2C6A8117005405C1 /* ProfileAccountView.swift */; };
		A31038122C6A8117005405C1 /* ToolbarProfile.swift in Sources */ = {isa = PBXBuildFile; fileRef = A31038102C6A8117005405C1 /* ToolbarProfile.swift */; };
		A31038192C6A8227005405C1 /* AvatarView.swift in Sources */ = {isa = PBXBuildFile; fileRef = A31038152C6A8227005405C1 /* AvatarView.swift */; };
		A310381A2C6A8227005405C1 /* StoryOverlay.swift in Sources */ = {isa = PBXBuildFile; fileRef = A31038162C6A8227005405C1 /* StoryOverlay.swift */; };
		A310381B2C6A8227005405C1 /* StatusOverlay.swift in Sources */ = {isa = PBXBuildFile; fileRef = A31038172C6A8227005405C1 /* StatusOverlay.swift */; };
		A329ED332C6A04E400A7B180 /* Generation in Resources */ = {isa = PBXBuildFile; fileRef = A329ED322C6A04E400A7B180 /* Generation */; };
		A329ED362C6A0B1400A7B180 /* json-converter.yaml in Resources */ = {isa = PBXBuildFile; fileRef = A329ED352C6A0B1300A7B180 /* json-converter.yaml */; };
		A3E1C41E2C6932950024EEF0 /* RXAppApp.swift in Sources */ = {isa = PBXBuildFile; fileRef = A3E1C41D2C6932950024EEF0 /* RXAppApp.swift */; };
		A3E1C4202C6932950024EEF0 /* ContentView.swift in Sources */ = {isa = PBXBuildFile; fileRef = A3E1C41F2C6932950024EEF0 /* ContentView.swift */; };
		A3E1C4222C6932990024EEF0 /* Assets.xcassets in Resources */ = {isa = PBXBuildFile; fileRef = A3E1C4212C6932990024EEF0 /* Assets.xcassets */; };
		A3E1C4252C6932990024EEF0 /* Preview Assets.xcassets in Resources */ = {isa = PBXBuildFile; fileRef = A3E1C4242C6932990024EEF0 /* Preview Assets.xcassets */; };
		A3E1C4302C6933D60024EEF0 /* Realm in Frameworks */ = {isa = PBXBuildFile; productRef = A3E1C42F2C6933D60024EEF0 /* Realm */; };
		A3E1C4322C6933D60024EEF0 /* RealmSwift in Frameworks */ = {isa = PBXBuildFile; productRef = A3E1C4312C6933D60024EEF0 /* RealmSwift */; };
		A3E1C4342C6934330024EEF0 /* Contact.swift in Sources */ = {isa = PBXBuildFile; fileRef = A3E1C4332C6934330024EEF0 /* Contact.swift */; };
		A3E1C4362C6934490024EEF0 /* ContactDataSource.swift in Sources */ = {isa = PBXBuildFile; fileRef = A3E1C4352C6934490024EEF0 /* ContactDataSource.swift */; };
		A3E1C4382C6934640024EEF0 /* ContactsViewModel.swift in Sources */ = {isa = PBXBuildFile; fileRef = A3E1C4372C6934640024EEF0 /* ContactsViewModel.swift */; };
		A3E1C43A2C693CF10024EEF0 /* ImageLoader.swift in Sources */ = {isa = PBXBuildFile; fileRef = A3E1C4392C693CF10024EEF0 /* ImageLoader.swift */; };
		A3E1C43C2C6942BC0024EEF0 /* ContactsListView.swift in Sources */ = {isa = PBXBuildFile; fileRef = A3E1C43B2C6942BC0024EEF0 /* ContactsListView.swift */; };
		A3E1C43E2C6942D80024EEF0 /* ContactRow.swift in Sources */ = {isa = PBXBuildFile; fileRef = A3E1C43D2C6942D80024EEF0 /* ContactRow.swift */; };
		A3E1C4402C6942FA0024EEF0 /* PersonNoAvatar.swift in Sources */ = {isa = PBXBuildFile; fileRef = A3E1C43F2C6942FA0024EEF0 /* PersonNoAvatar.swift */; };
		A3F3693D2C6A0E5500FEE29F /* APICats in Frameworks */ = {isa = PBXBuildFile; productRef = A3F3693C2C6A0E5500FEE29F /* APICats */; };
		A3F3693F2C6A0ECA00FEE29F /* NewContact.swift in Sources */ = {isa = PBXBuildFile; fileRef = A3F3693E2C6A0ECA00FEE29F /* NewContact.swift */; };
		A3F369412C6A0F9300FEE29F /* ContactsView.swift in Sources */ = {isa = PBXBuildFile; fileRef = A3F369402C6A0F9300FEE29F /* ContactsView.swift */; };
		A3F369432C6A0FCE00FEE29F /* SearchBar.swift in Sources */ = {isa = PBXBuildFile; fileRef = A3F369422C6A0FCE00FEE29F /* SearchBar.swift */; };
		A3F369672C6A10DB00FEE29F /* APIHelper.swift in Sources */ = {isa = PBXBuildFile; fileRef = A3F369472C6A10DB00FEE29F /* APIHelper.swift */; };
		A3F369682C6A10DB00FEE29F /* URLSessionImplementations.swift in Sources */ = {isa = PBXBuildFile; fileRef = A3F369482C6A10DB00FEE29F /* URLSessionImplementations.swift */; };
		A3F369692C6A10DB00FEE29F /* CatsAPI.swift in Sources */ = {isa = PBXBuildFile; fileRef = A3F3694A2C6A10DB00FEE29F /* CatsAPI.swift */; };
		A3F3696A2C6A10DB00FEE29F /* SecurityAPI.swift in Sources */ = {isa = PBXBuildFile; fileRef = A3F3694B2C6A10DB00FEE29F /* SecurityAPI.swift */; };
		A3F3696B2C6A10DB00FEE29F /* APIAPI.swift in Sources */ = {isa = PBXBuildFile; fileRef = A3F3694C2C6A10DB00FEE29F /* APIAPI.swift */; };
		A3F3696C2C6A10DB00FEE29F /* AdminAPI.swift in Sources */ = {isa = PBXBuildFile; fileRef = A3F3694D2C6A10DB00FEE29F /* AdminAPI.swift */; };
		A3F3696D2C6A10DB00FEE29F /* CodableHelper.swift in Sources */ = {isa = PBXBuildFile; fileRef = A3F3694E2C6A10DB00FEE29F /* CodableHelper.swift */; };
		A3F3696E2C6A10DB00FEE29F /* APIs.swift in Sources */ = {isa = PBXBuildFile; fileRef = A3F3694F2C6A10DB00FEE29F /* APIs.swift */; };
		A3F3696F2C6A10DB00FEE29F /* OpenISO8601DateFormatter.swift in Sources */ = {isa = PBXBuildFile; fileRef = A3F369502C6A10DB00FEE29F /* OpenISO8601DateFormatter.swift */; };
		A3F369702C6A10DB00FEE29F /* EditCat.swift in Sources */ = {isa = PBXBuildFile; fileRef = A3F369522C6A10DB00FEE29F /* EditCat.swift */; };
		A3F369712C6A10DB00FEE29F /* CatRandom200Response.swift in Sources */ = {isa = PBXBuildFile; fileRef = A3F369532C6A10DB00FEE29F /* CatRandom200Response.swift */; };
		A3F369722C6A10DB00FEE29F /* ApiCount200Response.swift in Sources */ = {isa = PBXBuildFile; fileRef = A3F369542C6A10DB00FEE29F /* ApiCount200Response.swift */; };
		A3F369732C6A10DB00FEE29F /* AdminCat.swift in Sources */ = {isa = PBXBuildFile; fileRef = A3F369552C6A10DB00FEE29F /* AdminCat.swift */; };
		A3F369742C6A10DB00FEE29F /* Cat.swift in Sources */ = {isa = PBXBuildFile; fileRef = A3F369562C6A10DB00FEE29F /* Cat.swift */; };
		A3F369752C6A10DB00FEE29F /* ApiSecuritySignIn200Response.swift in Sources */ = {isa = PBXBuildFile; fileRef = A3F369572C6A10DB00FEE29F /* ApiSecuritySignIn200Response.swift */; };
		A3F369762C6A10DB00FEE29F /* SignUp.swift in Sources */ = {isa = PBXBuildFile; fileRef = A3F369582C6A10DB00FEE29F /* SignUp.swift */; };
		A3F369772C6A10DB00FEE29F /* AdminCatsEditRequest.swift in Sources */ = {isa = PBXBuildFile; fileRef = A3F369592C6A10DB00FEE29F /* AdminCatsEditRequest.swift */; };
		A3F369782C6A10DB00FEE29F /* SignIn.swift in Sources */ = {isa = PBXBuildFile; fileRef = A3F3695A2C6A10DB00FEE29F /* SignIn.swift */; };
		A3F369792C6A10DB00FEE29F /* ApiSecuritySignUpRequest.swift in Sources */ = {isa = PBXBuildFile; fileRef = A3F3695B2C6A10DB00FEE29F /* ApiSecuritySignUpRequest.swift */; };
		A3F3697A2C6A10DB00FEE29F /* ModelError.swift in Sources */ = {isa = PBXBuildFile; fileRef = A3F3695C2C6A10DB00FEE29F /* ModelError.swift */; };
		A3F3697B2C6A10DB00FEE29F /* AdminCatsBrowse200ResponseInner.swift in Sources */ = {isa = PBXBuildFile; fileRef = A3F3695D2C6A10DB00FEE29F /* AdminCatsBrowse200ResponseInner.swift */; };
		A3F3697C2C6A10DB00FEE29F /* ApiSecuritySignInRequest.swift in Sources */ = {isa = PBXBuildFile; fileRef = A3F3695E2C6A10DB00FEE29F /* ApiSecuritySignInRequest.swift */; };
		A3F3697D2C6A10DB00FEE29F /* Token.swift in Sources */ = {isa = PBXBuildFile; fileRef = A3F3695F2C6A10DB00FEE29F /* Token.swift */; };
		A3F3697E2C6A10DB00FEE29F /* Extensions.swift in Sources */ = {isa = PBXBuildFile; fileRef = A3F369602C6A10DB00FEE29F /* Extensions.swift */; };
		A3F3697F2C6A10DB00FEE29F /* Validation.swift in Sources */ = {isa = PBXBuildFile; fileRef = A3F369612C6A10DB00FEE29F /* Validation.swift */; };
		A3F369802C6A10DB00FEE29F /* JSONDataEncoding.swift in Sources */ = {isa = PBXBuildFile; fileRef = A3F369622C6A10DB00FEE29F /* JSONDataEncoding.swift */; };
		A3F369812C6A10DB00FEE29F /* JSONEncodingHelper.swift in Sources */ = {isa = PBXBuildFile; fileRef = A3F369632C6A10DB00FEE29F /* JSONEncodingHelper.swift */; };
		A3F369822C6A10DB00FEE29F /* Models.swift in Sources */ = {isa = PBXBuildFile; fileRef = A3F369642C6A10DB00FEE29F /* Models.swift */; };
		A3F369832C6A10DB00FEE29F /* SynchronizedDictionary.swift in Sources */ = {isa = PBXBuildFile; fileRef = A3F369652C6A10DB00FEE29F /* SynchronizedDictionary.swift */; };
		A3F369842C6A10DB00FEE29F /* Configuration.swift in Sources */ = {isa = PBXBuildFile; fileRef = A3F369662C6A10DB00FEE29F /* Configuration.swift */; };
		A3F369862C6A1BE500FEE29F /* TabBar.swift in Sources */ = {isa = PBXBuildFile; fileRef = A3F369852C6A1BE500FEE29F /* TabBar.swift */; };
/* End PBXBuildFile section */

/* Begin PBXFileReference section */
		A310380F2C6A8117005405C1 /* ProfileAccountView.swift */ = {isa = PBXFileReference; fileEncoding = 4; lastKnownFileType = sourcecode.swift; path = ProfileAccountView.swift; sourceTree = "<group>"; };
		A31038102C6A8117005405C1 /* ToolbarProfile.swift */ = {isa = PBXFileReference; fileEncoding = 4; lastKnownFileType = sourcecode.swift; path = ToolbarProfile.swift; sourceTree = "<group>"; };
		A31038152C6A8227005405C1 /* AvatarView.swift */ = {isa = PBXFileReference; fileEncoding = 4; lastKnownFileType = sourcecode.swift; path = AvatarView.swift; sourceTree = "<group>"; };
		A31038162C6A8227005405C1 /* StoryOverlay.swift */ = {isa = PBXFileReference; fileEncoding = 4; lastKnownFileType = sourcecode.swift; path = StoryOverlay.swift; sourceTree = "<group>"; };
		A31038172C6A8227005405C1 /* StatusOverlay.swift */ = {isa = PBXFileReference; fileEncoding = 4; lastKnownFileType = sourcecode.swift; path = StatusOverlay.swift; sourceTree = "<group>"; };
		A329ED322C6A04E400A7B180 /* Generation */ = {isa = PBXFileReference; fileEncoding = 4; lastKnownFileType = text; path = Generation; sourceTree = "<group>"; };
		A329ED342C6A051D00A7B180 /* APICats */ = {isa = PBXFileReference; lastKnownFileType = text; path = APICats; sourceTree = SOURCE_ROOT; };
		A329ED352C6A0B1300A7B180 /* json-converter.yaml */ = {isa = PBXFileReference; fileEncoding = 4; lastKnownFileType = text.yaml; path = "json-converter.yaml"; sourceTree = "<group>"; };
		A3E1C41A2C6932950024EEF0 /* RXApp.app */ = {isa = PBXFileReference; explicitFileType = wrapper.application; includeInIndex = 0; path = RXApp.app; sourceTree = BUILT_PRODUCTS_DIR; };
		A3E1C41D2C6932950024EEF0 /* RXAppApp.swift */ = {isa = PBXFileReference; lastKnownFileType = sourcecode.swift; path = RXAppApp.swift; sourceTree = "<group>"; };
		A3E1C41F2C6932950024EEF0 /* ContentView.swift */ = {isa = PBXFileReference; lastKnownFileType = sourcecode.swift; path = ContentView.swift; sourceTree = "<group>"; };
		A3E1C4212C6932990024EEF0 /* Assets.xcassets */ = {isa = PBXFileReference; lastKnownFileType = folder.assetcatalog; path = Assets.xcassets; sourceTree = "<group>"; };
		A3E1C4242C6932990024EEF0 /* Preview Assets.xcassets */ = {isa = PBXFileReference; lastKnownFileType = folder.assetcatalog; path = "Preview Assets.xcassets"; sourceTree = "<group>"; };
		A3E1C4332C6934330024EEF0 /* Contact.swift */ = {isa = PBXFileReference; lastKnownFileType = sourcecode.swift; path = Contact.swift; sourceTree = "<group>"; };
		A3E1C4352C6934490024EEF0 /* ContactDataSource.swift */ = {isa = PBXFileReference; lastKnownFileType = sourcecode.swift; path = ContactDataSource.swift; sourceTree = "<group>"; };
		A3E1C4372C6934640024EEF0 /* ContactsViewModel.swift */ = {isa = PBXFileReference; lastKnownFileType = sourcecode.swift; path = ContactsViewModel.swift; sourceTree = "<group>"; };
		A3E1C4392C693CF10024EEF0 /* ImageLoader.swift */ = {isa = PBXFileReference; lastKnownFileType = sourcecode.swift; name = ImageLoader.swift; path = ../../Avatar/ImageLoader.swift; sourceTree = "<group>"; };
		A3E1C43B2C6942BC0024EEF0 /* ContactsListView.swift */ = {isa = PBXFileReference; lastKnownFileType = sourcecode.swift; path = ContactsListView.swift; sourceTree = "<group>"; };
		A3E1C43D2C6942D80024EEF0 /* ContactRow.swift */ = {isa = PBXFileReference; lastKnownFileType = sourcecode.swift; path = ContactRow.swift; sourceTree = "<group>"; };
		A3E1C43F2C6942FA0024EEF0 /* PersonNoAvatar.swift */ = {isa = PBXFileReference; lastKnownFileType = sourcecode.swift; path = PersonNoAvatar.swift; sourceTree = "<group>"; };
		A3F3693E2C6A0ECA00FEE29F /* NewContact.swift */ = {isa = PBXFileReference; lastKnownFileType = sourcecode.swift; path = NewContact.swift; sourceTree = "<group>"; };
		A3F369402C6A0F9300FEE29F /* ContactsView.swift */ = {isa = PBXFileReference; lastKnownFileType = sourcecode.swift; path = ContactsView.swift; sourceTree = "<group>"; };
		A3F369422C6A0FCE00FEE29F /* SearchBar.swift */ = {isa = PBXFileReference; fileEncoding = 4; lastKnownFileType = sourcecode.swift; path = SearchBar.swift; sourceTree = "<group>"; };
		A3F369472C6A10DB00FEE29F /* APIHelper.swift */ = {isa = PBXFileReference; fileEncoding = 4; lastKnownFileType = sourcecode.swift; path = APIHelper.swift; sourceTree = "<group>"; };
		A3F369482C6A10DB00FEE29F /* URLSessionImplementations.swift */ = {isa = PBXFileReference; fileEncoding = 4; lastKnownFileType = sourcecode.swift; path = URLSessionImplementations.swift; sourceTree = "<group>"; };
		A3F3694A2C6A10DB00FEE29F /* CatsAPI.swift */ = {isa = PBXFileReference; fileEncoding = 4; lastKnownFileType = sourcecode.swift; path = CatsAPI.swift; sourceTree = "<group>"; };
		A3F3694B2C6A10DB00FEE29F /* SecurityAPI.swift */ = {isa = PBXFileReference; fileEncoding = 4; lastKnownFileType = sourcecode.swift; path = SecurityAPI.swift; sourceTree = "<group>"; };
		A3F3694C2C6A10DB00FEE29F /* APIAPI.swift */ = {isa = PBXFileReference; fileEncoding = 4; lastKnownFileType = sourcecode.swift; path = APIAPI.swift; sourceTree = "<group>"; };
		A3F3694D2C6A10DB00FEE29F /* AdminAPI.swift */ = {isa = PBXFileReference; fileEncoding = 4; lastKnownFileType = sourcecode.swift; path = AdminAPI.swift; sourceTree = "<group>"; };
		A3F3694E2C6A10DB00FEE29F /* CodableHelper.swift */ = {isa = PBXFileReference; fileEncoding = 4; lastKnownFileType = sourcecode.swift; path = CodableHelper.swift; sourceTree = "<group>"; };
		A3F3694F2C6A10DB00FEE29F /* APIs.swift */ = {isa = PBXFileReference; fileEncoding = 4; lastKnownFileType = sourcecode.swift; path = APIs.swift; sourceTree = "<group>"; };
		A3F369502C6A10DB00FEE29F /* OpenISO8601DateFormatter.swift */ = {isa = PBXFileReference; fileEncoding = 4; lastKnownFileType = sourcecode.swift; path = OpenISO8601DateFormatter.swift; sourceTree = "<group>"; };
		A3F369522C6A10DB00FEE29F /* EditCat.swift */ = {isa = PBXFileReference; fileEncoding = 4; lastKnownFileType = sourcecode.swift; path = EditCat.swift; sourceTree = "<group>"; };
		A3F369532C6A10DB00FEE29F /* CatRandom200Response.swift */ = {isa = PBXFileReference; fileEncoding = 4; lastKnownFileType = sourcecode.swift; path = CatRandom200Response.swift; sourceTree = "<group>"; };
		A3F369542C6A10DB00FEE29F /* ApiCount200Response.swift */ = {isa = PBXFileReference; fileEncoding = 4; lastKnownFileType = sourcecode.swift; path = ApiCount200Response.swift; sourceTree = "<group>"; };
		A3F369552C6A10DB00FEE29F /* AdminCat.swift */ = {isa = PBXFileReference; fileEncoding = 4; lastKnownFileType = sourcecode.swift; path = AdminCat.swift; sourceTree = "<group>"; };
		A3F369562C6A10DB00FEE29F /* Cat.swift */ = {isa = PBXFileReference; fileEncoding = 4; lastKnownFileType = sourcecode.swift; path = Cat.swift; sourceTree = "<group>"; };
		A3F369572C6A10DB00FEE29F /* ApiSecuritySignIn200Response.swift */ = {isa = PBXFileReference; fileEncoding = 4; lastKnownFileType = sourcecode.swift; path = ApiSecuritySignIn200Response.swift; sourceTree = "<group>"; };
		A3F369582C6A10DB00FEE29F /* SignUp.swift */ = {isa = PBXFileReference; fileEncoding = 4; lastKnownFileType = sourcecode.swift; path = SignUp.swift; sourceTree = "<group>"; };
		A3F369592C6A10DB00FEE29F /* AdminCatsEditRequest.swift */ = {isa = PBXFileReference; fileEncoding = 4; lastKnownFileType = sourcecode.swift; path = AdminCatsEditRequest.swift; sourceTree = "<group>"; };
		A3F3695A2C6A10DB00FEE29F /* SignIn.swift */ = {isa = PBXFileReference; fileEncoding = 4; lastKnownFileType = sourcecode.swift; path = SignIn.swift; sourceTree = "<group>"; };
		A3F3695B2C6A10DB00FEE29F /* ApiSecuritySignUpRequest.swift */ = {isa = PBXFileReference; fileEncoding = 4; lastKnownFileType = sourcecode.swift; path = ApiSecuritySignUpRequest.swift; sourceTree = "<group>"; };
		A3F3695C2C6A10DB00FEE29F /* ModelError.swift */ = {isa = PBXFileReference; fileEncoding = 4; lastKnownFileType = sourcecode.swift; path = ModelError.swift; sourceTree = "<group>"; };
		A3F3695D2C6A10DB00FEE29F /* AdminCatsBrowse200ResponseInner.swift */ = {isa = PBXFileReference; fileEncoding = 4; lastKnownFileType = sourcecode.swift; path = AdminCatsBrowse200ResponseInner.swift; sourceTree = "<group>"; };
		A3F3695E2C6A10DB00FEE29F /* ApiSecuritySignInRequest.swift */ = {isa = PBXFileReference; fileEncoding = 4; lastKnownFileType = sourcecode.swift; path = ApiSecuritySignInRequest.swift; sourceTree = "<group>"; };
		A3F3695F2C6A10DB00FEE29F /* Token.swift */ = {isa = PBXFileReference; fileEncoding = 4; lastKnownFileType = sourcecode.swift; path = Token.swift; sourceTree = "<group>"; };
		A3F369602C6A10DB00FEE29F /* Extensions.swift */ = {isa = PBXFileReference; fileEncoding = 4; lastKnownFileType = sourcecode.swift; path = Extensions.swift; sourceTree = "<group>"; };
		A3F369612C6A10DB00FEE29F /* Validation.swift */ = {isa = PBXFileReference; fileEncoding = 4; lastKnownFileType = sourcecode.swift; path = Validation.swift; sourceTree = "<group>"; };
		A3F369622C6A10DB00FEE29F /* JSONDataEncoding.swift */ = {isa = PBXFileReference; fileEncoding = 4; lastKnownFileType = sourcecode.swift; path = JSONDataEncoding.swift; sourceTree = "<group>"; };
		A3F369632C6A10DB00FEE29F /* JSONEncodingHelper.swift */ = {isa = PBXFileReference; fileEncoding = 4; lastKnownFileType = sourcecode.swift; path = JSONEncodingHelper.swift; sourceTree = "<group>"; };
		A3F369642C6A10DB00FEE29F /* Models.swift */ = {isa = PBXFileReference; fileEncoding = 4; lastKnownFileType = sourcecode.swift; path = Models.swift; sourceTree = "<group>"; };
		A3F369652C6A10DB00FEE29F /* SynchronizedDictionary.swift */ = {isa = PBXFileReference; fileEncoding = 4; lastKnownFileType = sourcecode.swift; path = SynchronizedDictionary.swift; sourceTree = "<group>"; };
		A3F369662C6A10DB00FEE29F /* Configuration.swift */ = {isa = PBXFileReference; fileEncoding = 4; lastKnownFileType = sourcecode.swift; path = Configuration.swift; sourceTree = "<group>"; };
		A3F369852C6A1BE500FEE29F /* TabBar.swift */ = {isa = PBXFileReference; fileEncoding = 4; lastKnownFileType = sourcecode.swift; path = TabBar.swift; sourceTree = "<group>"; };
/* End PBXFileReference section */

/* Begin PBXFrameworksBuildPhase section */
		A3E1C4172C6932950024EEF0 /* Frameworks */ = {
			isa = PBXFrameworksBuildPhase;
			buildActionMask = 2147483647;
			files = (
				A3F3693D2C6A0E5500FEE29F /* APICats in Frameworks */,
				A3E1C4322C6933D60024EEF0 /* RealmSwift in Frameworks */,
				A3E1C4302C6933D60024EEF0 /* Realm in Frameworks */,
			);
			runOnlyForDeploymentPostprocessing = 0;
		};
/* End PBXFrameworksBuildPhase section */

/* Begin PBXGroup section */
		A310380E2C6A8117005405C1 /* ProfileDetailView */ = {
			isa = PBXGroup;
			children = (
				A310380F2C6A8117005405C1 /* ProfileAccountView.swift */,
				A31038102C6A8117005405C1 /* ToolbarProfile.swift */,
			);
			path = ProfileDetailView;
			sourceTree = "<group>";
		};
		A31038132C6A8227005405C1 /* AvatarGroup */ = {
			isa = PBXGroup;
			children = (
				A3E1C43F2C6942FA0024EEF0 /* PersonNoAvatar.swift */,
				A3E1C4392C693CF10024EEF0 /* ImageLoader.swift */,
				A31038152C6A8227005405C1 /* AvatarView.swift */,
				A31038162C6A8227005405C1 /* StoryOverlay.swift */,
				A31038172C6A8227005405C1 /* StatusOverlay.swift */,
			);
			path = AvatarGroup;
			sourceTree = "<group>";
		};
		A3E1C4112C6932950024EEF0 = {
			isa = PBXGroup;
			children = (
				A3E1C41C2C6932950024EEF0 /* RXApp */,
				A3E1C41B2C6932950024EEF0 /* Products */,
				A3F3693B2C6A0E5500FEE29F /* Frameworks */,
			);
			sourceTree = "<group>";
		};
		A3E1C41B2C6932950024EEF0 /* Products */ = {
			isa = PBXGroup;
			children = (
				A3E1C41A2C6932950024EEF0 /* RXApp.app */,
			);
			name = Products;
			sourceTree = "<group>";
		};
		A3E1C41C2C6932950024EEF0 /* RXApp */ = {
			isa = PBXGroup;
			children = (
				A3F3698B2C6A346300FEE29F /* API */,
				A3F369872C6A332500FEE29F /* Main */,
				A3E1C4212C6932990024EEF0 /* Assets.xcassets */,
				A3E1C4232C6932990024EEF0 /* Preview Content */,
				A3F369882C6A338D00FEE29F /* Model */,
				A3F3698A2C6A345200FEE29F /* View */,
			);
			path = RXApp;
			sourceTree = "<group>";
		};
		A3E1C4232C6932990024EEF0 /* Preview Content */ = {
			isa = PBXGroup;
			children = (
				A3E1C4242C6932990024EEF0 /* Preview Assets.xcassets */,
			);
			path = "Preview Content";
			sourceTree = "<group>";
		};
		A3F3693B2C6A0E5500FEE29F /* Frameworks */ = {
			isa = PBXGroup;
			children = (
			);
			name = Frameworks;
			sourceTree = "<group>";
		};
		A3F369442C6A10DB00FEE29F /* APICats */ = {
			isa = PBXGroup;
			children = (
				A3F369452C6A10DB00FEE29F /* Sources */,
			);
			path = APICats;
			sourceTree = "<group>";
		};
		A3F369452C6A10DB00FEE29F /* Sources */ = {
			isa = PBXGroup;
			children = (
				A3F369462C6A10DB00FEE29F /* APICats */,
			);
			path = Sources;
			sourceTree = "<group>";
		};
		A3F369462C6A10DB00FEE29F /* APICats */ = {
			isa = PBXGroup;
			children = (
				A3F369472C6A10DB00FEE29F /* APIHelper.swift */,
				A3F369482C6A10DB00FEE29F /* URLSessionImplementations.swift */,
				A3F369492C6A10DB00FEE29F /* APIs */,
				A3F3694E2C6A10DB00FEE29F /* CodableHelper.swift */,
				A3F3694F2C6A10DB00FEE29F /* APIs.swift */,
				A3F369502C6A10DB00FEE29F /* OpenISO8601DateFormatter.swift */,
				A3F369512C6A10DB00FEE29F /* Models */,
				A3F369602C6A10DB00FEE29F /* Extensions.swift */,
				A3F369612C6A10DB00FEE29F /* Validation.swift */,
				A3F369622C6A10DB00FEE29F /* JSONDataEncoding.swift */,
				A3F369632C6A10DB00FEE29F /* JSONEncodingHelper.swift */,
				A3F369642C6A10DB00FEE29F /* Models.swift */,
				A3F369652C6A10DB00FEE29F /* SynchronizedDictionary.swift */,
				A3F369662C6A10DB00FEE29F /* Configuration.swift */,
			);
			path = APICats;
			sourceTree = "<group>";
		};
		A3F369492C6A10DB00FEE29F /* APIs */ = {
			isa = PBXGroup;
			children = (
				A3F3694A2C6A10DB00FEE29F /* CatsAPI.swift */,
				A3F3694B2C6A10DB00FEE29F /* SecurityAPI.swift */,
				A3F3694C2C6A10DB00FEE29F /* APIAPI.swift */,
				A3F3694D2C6A10DB00FEE29F /* AdminAPI.swift */,
			);
			path = APIs;
			sourceTree = "<group>";
		};
		A3F369512C6A10DB00FEE29F /* Models */ = {
			isa = PBXGroup;
			children = (
				A3F369522C6A10DB00FEE29F /* EditCat.swift */,
				A3F369532C6A10DB00FEE29F /* CatRandom200Response.swift */,
				A3F369542C6A10DB00FEE29F /* ApiCount200Response.swift */,
				A3F369552C6A10DB00FEE29F /* AdminCat.swift */,
				A3F369562C6A10DB00FEE29F /* Cat.swift */,
				A3F369572C6A10DB00FEE29F /* ApiSecuritySignIn200Response.swift */,
				A3F369582C6A10DB00FEE29F /* SignUp.swift */,
				A3F369592C6A10DB00FEE29F /* AdminCatsEditRequest.swift */,
				A3F3695A2C6A10DB00FEE29F /* SignIn.swift */,
				A3F3695B2C6A10DB00FEE29F /* ApiSecuritySignUpRequest.swift */,
				A3F3695C2C6A10DB00FEE29F /* ModelError.swift */,
				A3F3695D2C6A10DB00FEE29F /* AdminCatsBrowse200ResponseInner.swift */,
				A3F3695E2C6A10DB00FEE29F /* ApiSecuritySignInRequest.swift */,
				A3F3695F2C6A10DB00FEE29F /* Token.swift */,
			);
			path = Models;
			sourceTree = "<group>";
		};
		A3F369872C6A332500FEE29F /* Main */ = {
			isa = PBXGroup;
			children = (
				A3E1C4372C6934640024EEF0 /* ContactsViewModel.swift */,
				A3E1C41D2C6932950024EEF0 /* RXAppApp.swift */,
				A3F369852C6A1BE500FEE29F /* TabBar.swift */,
				A3E1C41F2C6932950024EEF0 /* ContentView.swift */,
			);
			path = Main;
			sourceTree = "<group>";
		};
		A3F369882C6A338D00FEE29F /* Model */ = {
			isa = PBXGroup;
			children = (
				A3E1C4332C6934330024EEF0 /* Contact.swift */,
				A3E1C4352C6934490024EEF0 /* ContactDataSource.swift */,
			);
			path = Model;
			sourceTree = "<group>";
		};
		A3F3698A2C6A345200FEE29F /* View */ = {
			isa = PBXGroup;
			children = (
				A31038132C6A8227005405C1 /* AvatarGroup */,
				A310380E2C6A8117005405C1 /* ProfileDetailView */,
				A3F369402C6A0F9300FEE29F /* ContactsView.swift */,
				A3F369422C6A0FCE00FEE29F /* SearchBar.swift */,
				A3E1C43B2C6942BC0024EEF0 /* ContactsListView.swift */,
				A3E1C43D2C6942D80024EEF0 /* ContactRow.swift */,
				A3F3693E2C6A0ECA00FEE29F /* NewContact.swift */,
			);
			path = View;
			sourceTree = "<group>";
		};
		A3F3698B2C6A346300FEE29F /* API */ = {
			isa = PBXGroup;
			children = (
				A329ED342C6A051D00A7B180 /* APICats */,
				A3F369442C6A10DB00FEE29F /* APICats */,
				A329ED322C6A04E400A7B180 /* Generation */,
				A329ED352C6A0B1300A7B180 /* json-converter.yaml */,
			);
			path = API;
			sourceTree = "<group>";
		};
/* End PBXGroup section */

/* Begin PBXNativeTarget section */
		A3E1C4192C6932950024EEF0 /* RXApp */ = {
			isa = PBXNativeTarget;
			buildConfigurationList = A3E1C4282C6932990024EEF0 /* Build configuration list for PBXNativeTarget "RXApp" */;
			buildPhases = (
				A3E1C4162C6932950024EEF0 /* Sources */,
				A3E1C4172C6932950024EEF0 /* Frameworks */,
				A3E1C4182C6932950024EEF0 /* Resources */,
			);
			buildRules = (
			);
			dependencies = (
			);
			name = RXApp;
			packageProductDependencies = (
				A3E1C42F2C6933D60024EEF0 /* Realm */,
				A3E1C4312C6933D60024EEF0 /* RealmSwift */,
				A3F3693C2C6A0E5500FEE29F /* APICats */,
			);
			productName = RXApp;
			productReference = A3E1C41A2C6932950024EEF0 /* RXApp.app */;
			productType = "com.apple.product-type.application";
		};
/* End PBXNativeTarget section */

/* Begin PBXProject section */
		A3E1C4122C6932950024EEF0 /* Project object */ = {
			isa = PBXProject;
			attributes = {
				BuildIndependentTargetsInParallel = 1;
				LastSwiftUpdateCheck = 1420;
				LastUpgradeCheck = 1420;
				TargetAttributes = {
					A3E1C4192C6932950024EEF0 = {
						CreatedOnToolsVersion = 14.2;
					};
				};
			};
			buildConfigurationList = A3E1C4152C6932950024EEF0 /* Build configuration list for PBXProject "RXApp" */;
			compatibilityVersion = "Xcode 14.0";
			developmentRegion = en;
			hasScannedForEncodings = 0;
			knownRegions = (
				en,
				Base,
			);
			mainGroup = A3E1C4112C6932950024EEF0;
			packageReferences = (
				A3E1C42B2C6932D60024EEF0 /* XCRemoteSwiftPackageReference "RxSwift" */,
				A3E1C42E2C6933D60024EEF0 /* XCRemoteSwiftPackageReference "realm-cocoa" */,
			);
			productRefGroup = A3E1C41B2C6932950024EEF0 /* Products */;
			projectDirPath = "";
			projectRoot = "";
			targets = (
				A3E1C4192C6932950024EEF0 /* RXApp */,
			);
		};
/* End PBXProject section */

/* Begin PBXResourcesBuildPhase section */
		A3E1C4182C6932950024EEF0 /* Resources */ = {
			isa = PBXResourcesBuildPhase;
			buildActionMask = 2147483647;
			files = (
				A329ED332C6A04E400A7B180 /* Generation in Resources */,
				A3E1C4252C6932990024EEF0 /* Preview Assets.xcassets in Resources */,
				A3E1C4222C6932990024EEF0 /* Assets.xcassets in Resources */,
				A329ED362C6A0B1400A7B180 /* json-converter.yaml in Resources */,
			);
			runOnlyForDeploymentPostprocessing = 0;
		};
/* End PBXResourcesBuildPhase section */

/* Begin PBXSourcesBuildPhase section */
		A3E1C4162C6932950024EEF0 /* Sources */ = {
			isa = PBXSourcesBuildPhase;
			buildActionMask = 2147483647;
			files = (
				A310381A2C6A8227005405C1 /* StoryOverlay.swift in Sources */,
				A31038122C6A8117005405C1 /* ToolbarProfile.swift in Sources */,
				A3F369722C6A10DB00FEE29F /* ApiCount200Response.swift in Sources */,
				A3F3697D2C6A10DB00FEE29F /* Token.swift in Sources */,
				A3F369682C6A10DB00FEE29F /* URLSessionImplementations.swift in Sources */,
				A3F3696D2C6A10DB00FEE29F /* CodableHelper.swift in Sources */,
				A3F369702C6A10DB00FEE29F /* EditCat.swift in Sources */,
				A3E1C4342C6934330024EEF0 /* Contact.swift in Sources */,
				A3E1C4402C6942FA0024EEF0 /* PersonNoAvatar.swift in Sources */,
				A3F3697A2C6A10DB00FEE29F /* ModelError.swift in Sources */,
				A3F369742C6A10DB00FEE29F /* Cat.swift in Sources */,
				A3F3697C2C6A10DB00FEE29F /* ApiSecuritySignInRequest.swift in Sources */,
				A3F369782C6A10DB00FEE29F /* SignIn.swift in Sources */,
				A3E1C4382C6934640024EEF0 /* ContactsViewModel.swift in Sources */,
				A31038112C6A8117005405C1 /* ProfileAccountView.swift in Sources */,
				A3E1C43C2C6942BC0024EEF0 /* ContactsListView.swift in Sources */,
				A3F369832C6A10DB00FEE29F /* SynchronizedDictionary.swift in Sources */,
				A3E1C43A2C693CF10024EEF0 /* ImageLoader.swift in Sources */,
				A3F369812C6A10DB00FEE29F /* JSONEncodingHelper.swift in Sources */,
				A3F3697F2C6A10DB00FEE29F /* Validation.swift in Sources */,
				A3F369862C6A1BE500FEE29F /* TabBar.swift in Sources */,
				A3F369432C6A0FCE00FEE29F /* SearchBar.swift in Sources */,
				A3E1C4362C6934490024EEF0 /* ContactDataSource.swift in Sources */,
				A3F369412C6A0F9300FEE29F /* ContactsView.swift in Sources */,
				A3F369822C6A10DB00FEE29F /* Models.swift in Sources */,
				A3E1C4202C6932950024EEF0 /* ContentView.swift in Sources */,
				A3F3693F2C6A0ECA00FEE29F /* NewContact.swift in Sources */,
				A3F3697E2C6A10DB00FEE29F /* Extensions.swift in Sources */,
				A3F369672C6A10DB00FEE29F /* APIHelper.swift in Sources */,
				A3E1C41E2C6932950024EEF0 /* RXAppApp.swift in Sources */,
				A3F3696F2C6A10DB00FEE29F /* OpenISO8601DateFormatter.swift in Sources */,
				A3F369692C6A10DB00FEE29F /* CatsAPI.swift in Sources */,
				A3F369792C6A10DB00FEE29F /* ApiSecuritySignUpRequest.swift in Sources */,
				A3F369772C6A10DB00FEE29F /* AdminCatsEditRequest.swift in Sources */,
				A3F369842C6A10DB00FEE29F /* Configuration.swift in Sources */,
				A3F3696C2C6A10DB00FEE29F /* AdminAPI.swift in Sources */,
				A3F3696B2C6A10DB00FEE29F /* APIAPI.swift in Sources */,
				A3F369762C6A10DB00FEE29F /* SignUp.swift in Sources */,
				A3F3696A2C6A10DB00FEE29F /* SecurityAPI.swift in Sources */,
				A310381B2C6A8227005405C1 /* StatusOverlay.swift in Sources */,
				A3F369732C6A10DB00FEE29F /* AdminCat.swift in Sources */,
				A3F3696E2C6A10DB00FEE29F /* APIs.swift in Sources */,
				A3F369712C6A10DB00FEE29F /* CatRandom200Response.swift in Sources */,
				A3E1C43E2C6942D80024EEF0 /* ContactRow.swift in Sources */,
				A31038192C6A8227005405C1 /* AvatarView.swift in Sources */,
				A3F369752C6A10DB00FEE29F /* ApiSecuritySignIn200Response.swift in Sources */,
				A3F369802C6A10DB00FEE29F /* JSONDataEncoding.swift in Sources */,
				A3F3697B2C6A10DB00FEE29F /* AdminCatsBrowse200ResponseInner.swift in Sources */,
			);
			runOnlyForDeploymentPostprocessing = 0;
		};
/* End PBXSourcesBuildPhase section */

/* Begin XCBuildConfiguration section */
		A3E1C4262C6932990024EEF0 /* Debug */ = {
			isa = XCBuildConfiguration;
			buildSettings = {
				ALWAYS_SEARCH_USER_PATHS = NO;
				CLANG_ANALYZER_NONNULL = YES;
				CLANG_ANALYZER_NUMBER_OBJECT_CONVERSION = YES_AGGRESSIVE;
				CLANG_CXX_LANGUAGE_STANDARD = "gnu++20";
				CLANG_ENABLE_MODULES = YES;
				CLANG_ENABLE_OBJC_ARC = YES;
				CLANG_ENABLE_OBJC_WEAK = YES;
				CLANG_WARN_BLOCK_CAPTURE_AUTORELEASING = YES;
				CLANG_WARN_BOOL_CONVERSION = YES;
				CLANG_WARN_COMMA = YES;
				CLANG_WARN_CONSTANT_CONVERSION = YES;
				CLANG_WARN_DEPRECATED_OBJC_IMPLEMENTATIONS = YES;
				CLANG_WARN_DIRECT_OBJC_ISA_USAGE = YES_ERROR;
				CLANG_WARN_DOCUMENTATION_COMMENTS = YES;
				CLANG_WARN_EMPTY_BODY = YES;
				CLANG_WARN_ENUM_CONVERSION = YES;
				CLANG_WARN_INFINITE_RECURSION = YES;
				CLANG_WARN_INT_CONVERSION = YES;
				CLANG_WARN_NON_LITERAL_NULL_CONVERSION = YES;
				CLANG_WARN_OBJC_IMPLICIT_RETAIN_SELF = YES;
				CLANG_WARN_OBJC_LITERAL_CONVERSION = YES;
				CLANG_WARN_OBJC_ROOT_CLASS = YES_ERROR;
				CLANG_WARN_QUOTED_INCLUDE_IN_FRAMEWORK_HEADER = YES;
				CLANG_WARN_RANGE_LOOP_ANALYSIS = YES;
				CLANG_WARN_STRICT_PROTOTYPES = YES;
				CLANG_WARN_SUSPICIOUS_MOVE = YES;
				CLANG_WARN_UNGUARDED_AVAILABILITY = YES_AGGRESSIVE;
				CLANG_WARN_UNREACHABLE_CODE = YES;
				CLANG_WARN__DUPLICATE_METHOD_MATCH = YES;
				COPY_PHASE_STRIP = NO;
				DEBUG_INFORMATION_FORMAT = dwarf;
				ENABLE_STRICT_OBJC_MSGSEND = YES;
				ENABLE_TESTABILITY = YES;
				GCC_C_LANGUAGE_STANDARD = gnu11;
				GCC_DYNAMIC_NO_PIC = NO;
				GCC_NO_COMMON_BLOCKS = YES;
				GCC_OPTIMIZATION_LEVEL = 0;
				GCC_PREPROCESSOR_DEFINITIONS = (
					"DEBUG=1",
					"$(inherited)",
				);
				GCC_WARN_64_TO_32_BIT_CONVERSION = YES;
				GCC_WARN_ABOUT_RETURN_TYPE = YES_ERROR;
				GCC_WARN_UNDECLARED_SELECTOR = YES;
				GCC_WARN_UNINITIALIZED_AUTOS = YES_AGGRESSIVE;
				GCC_WARN_UNUSED_FUNCTION = YES;
				GCC_WARN_UNUSED_VARIABLE = YES;
				IPHONEOS_DEPLOYMENT_TARGET = 16.2;
				MTL_ENABLE_DEBUG_INFO = INCLUDE_SOURCE;
				MTL_FAST_MATH = YES;
				ONLY_ACTIVE_ARCH = YES;
				SDKROOT = iphoneos;
				SWIFT_ACTIVE_COMPILATION_CONDITIONS = DEBUG;
				SWIFT_OPTIMIZATION_LEVEL = "-Onone";
			};
			name = Debug;
		};
		A3E1C4272C6932990024EEF0 /* Release */ = {
			isa = XCBuildConfiguration;
			buildSettings = {
				ALWAYS_SEARCH_USER_PATHS = NO;
				CLANG_ANALYZER_NONNULL = YES;
				CLANG_ANALYZER_NUMBER_OBJECT_CONVERSION = YES_AGGRESSIVE;
				CLANG_CXX_LANGUAGE_STANDARD = "gnu++20";
				CLANG_ENABLE_MODULES = YES;
				CLANG_ENABLE_OBJC_ARC = YES;
				CLANG_ENABLE_OBJC_WEAK = YES;
				CLANG_WARN_BLOCK_CAPTURE_AUTORELEASING = YES;
				CLANG_WARN_BOOL_CONVERSION = YES;
				CLANG_WARN_COMMA = YES;
				CLANG_WARN_CONSTANT_CONVERSION = YES;
				CLANG_WARN_DEPRECATED_OBJC_IMPLEMENTATIONS = YES;
				CLANG_WARN_DIRECT_OBJC_ISA_USAGE = YES_ERROR;
				CLANG_WARN_DOCUMENTATION_COMMENTS = YES;
				CLANG_WARN_EMPTY_BODY = YES;
				CLANG_WARN_ENUM_CONVERSION = YES;
				CLANG_WARN_INFINITE_RECURSION = YES;
				CLANG_WARN_INT_CONVERSION = YES;
				CLANG_WARN_NON_LITERAL_NULL_CONVERSION = YES;
				CLANG_WARN_OBJC_IMPLICIT_RETAIN_SELF = YES;
				CLANG_WARN_OBJC_LITERAL_CONVERSION = YES;
				CLANG_WARN_OBJC_ROOT_CLASS = YES_ERROR;
				CLANG_WARN_QUOTED_INCLUDE_IN_FRAMEWORK_HEADER = YES;
				CLANG_WARN_RANGE_LOOP_ANALYSIS = YES;
				CLANG_WARN_STRICT_PROTOTYPES = YES;
				CLANG_WARN_SUSPICIOUS_MOVE = YES;
				CLANG_WARN_UNGUARDED_AVAILABILITY = YES_AGGRESSIVE;
				CLANG_WARN_UNREACHABLE_CODE = YES;
				CLANG_WARN__DUPLICATE_METHOD_MATCH = YES;
				COPY_PHASE_STRIP = NO;
				DEBUG_INFORMATION_FORMAT = "dwarf-with-dsym";
				ENABLE_NS_ASSERTIONS = NO;
				ENABLE_STRICT_OBJC_MSGSEND = YES;
				GCC_C_LANGUAGE_STANDARD = gnu11;
				GCC_NO_COMMON_BLOCKS = YES;
				GCC_WARN_64_TO_32_BIT_CONVERSION = YES;
				GCC_WARN_ABOUT_RETURN_TYPE = YES_ERROR;
				GCC_WARN_UNDECLARED_SELECTOR = YES;
				GCC_WARN_UNINITIALIZED_AUTOS = YES_AGGRESSIVE;
				GCC_WARN_UNUSED_FUNCTION = YES;
				GCC_WARN_UNUSED_VARIABLE = YES;
				IPHONEOS_DEPLOYMENT_TARGET = 16.2;
				MTL_ENABLE_DEBUG_INFO = NO;
				MTL_FAST_MATH = YES;
				SDKROOT = iphoneos;
				SWIFT_COMPILATION_MODE = wholemodule;
				SWIFT_OPTIMIZATION_LEVEL = "-O";
				VALIDATE_PRODUCT = YES;
			};
			name = Release;
		};
		A3E1C4292C6932990024EEF0 /* Debug */ = {
			isa = XCBuildConfiguration;
			buildSettings = {
				ASSETCATALOG_COMPILER_APPICON_NAME = AppIcon;
				ASSETCATALOG_COMPILER_GLOBAL_ACCENT_COLOR_NAME = AccentColor;
				CODE_SIGN_STYLE = Automatic;
				CURRENT_PROJECT_VERSION = 1;
				DEVELOPMENT_ASSET_PATHS = "\"RXApp/Preview Content\"";
				DEVELOPMENT_TEAM = GR465RHT3M;
				ENABLE_PREVIEWS = YES;
				GENERATE_INFOPLIST_FILE = YES;
				INFOPLIST_KEY_UIApplicationSceneManifest_Generation = YES;
				INFOPLIST_KEY_UIApplicationSupportsIndirectInputEvents = YES;
				INFOPLIST_KEY_UILaunchScreen_Generation = YES;
				INFOPLIST_KEY_UISupportedInterfaceOrientations_iPad = "UIInterfaceOrientationPortrait UIInterfaceOrientationPortraitUpsideDown UIInterfaceOrientationLandscapeLeft UIInterfaceOrientationLandscapeRight";
				INFOPLIST_KEY_UISupportedInterfaceOrientations_iPhone = "UIInterfaceOrientationPortrait UIInterfaceOrientationLandscapeLeft UIInterfaceOrientationLandscapeRight";
				LD_RUNPATH_SEARCH_PATHS = (
					"$(inherited)",
					"@executable_path/Frameworks",
				);
				MARKETING_VERSION = 1.0;
				PRODUCT_BUNDLE_IDENTIFIER = alinakovtunovich.RXApp;
				PRODUCT_NAME = "$(TARGET_NAME)";
				SWIFT_EMIT_LOC_STRINGS = YES;
				SWIFT_VERSION = 5.0;
				TARGETED_DEVICE_FAMILY = "1,2";
			};
			name = Debug;
		};
		A3E1C42A2C6932990024EEF0 /* Release */ = {
			isa = XCBuildConfiguration;
			buildSettings = {
				ASSETCATALOG_COMPILER_APPICON_NAME = AppIcon;
				ASSETCATALOG_COMPILER_GLOBAL_ACCENT_COLOR_NAME = AccentColor;
				CODE_SIGN_STYLE = Automatic;
				CURRENT_PROJECT_VERSION = 1;
				DEVELOPMENT_ASSET_PATHS = "\"RXApp/Preview Content\"";
				DEVELOPMENT_TEAM = GR465RHT3M;
				ENABLE_PREVIEWS = YES;
				GENERATE_INFOPLIST_FILE = YES;
				INFOPLIST_KEY_UIApplicationSceneManifest_Generation = YES;
				INFOPLIST_KEY_UIApplicationSupportsIndirectInputEvents = YES;
				INFOPLIST_KEY_UILaunchScreen_Generation = YES;
				INFOPLIST_KEY_UISupportedInterfaceOrientations_iPad = "UIInterfaceOrientationPortrait UIInterfaceOrientationPortraitUpsideDown UIInterfaceOrientationLandscapeLeft UIInterfaceOrientationLandscapeRight";
				INFOPLIST_KEY_UISupportedInterfaceOrientations_iPhone = "UIInterfaceOrientationPortrait UIInterfaceOrientationLandscapeLeft UIInterfaceOrientationLandscapeRight";
				LD_RUNPATH_SEARCH_PATHS = (
					"$(inherited)",
					"@executable_path/Frameworks",
				);
				MARKETING_VERSION = 1.0;
				PRODUCT_BUNDLE_IDENTIFIER = alinakovtunovich.RXApp;
				PRODUCT_NAME = "$(TARGET_NAME)";
				SWIFT_EMIT_LOC_STRINGS = YES;
				SWIFT_VERSION = 5.0;
				TARGETED_DEVICE_FAMILY = "1,2";
			};
			name = Release;
		};
/* End XCBuildConfiguration section */

/* Begin XCConfigurationList section */
		A3E1C4152C6932950024EEF0 /* Build configuration list for PBXProject "RXApp" */ = {
			isa = XCConfigurationList;
			buildConfigurations = (
				A3E1C4262C6932990024EEF0 /* Debug */,
				A3E1C4272C6932990024EEF0 /* Release */,
			);
			defaultConfigurationIsVisible = 0;
			defaultConfigurationName = Release;
		};
		A3E1C4282C6932990024EEF0 /* Build configuration list for PBXNativeTarget "RXApp" */ = {
			isa = XCConfigurationList;
			buildConfigurations = (
				A3E1C4292C6932990024EEF0 /* Debug */,
				A3E1C42A2C6932990024EEF0 /* Release */,
			);
			defaultConfigurationIsVisible = 0;
			defaultConfigurationName = Release;
		};
/* End XCConfigurationList section */

/* Begin XCRemoteSwiftPackageReference section */
		A3E1C42B2C6932D60024EEF0 /* XCRemoteSwiftPackageReference "RxSwift" */ = {
			isa = XCRemoteSwiftPackageReference;
			repositoryURL = "https://github.com/ReactiveX/RxSwift";
			requirement = {
				kind = exactVersion;
				version = 6.0.0;
			};
		};
		A3E1C42E2C6933D60024EEF0 /* XCRemoteSwiftPackageReference "realm-cocoa" */ = {
			isa = XCRemoteSwiftPackageReference;
			repositoryURL = "https://github.com/realm/realm-cocoa.git";
			requirement = {
				kind = exactVersion;
				version = 10.38.0;
			};
		};
/* End XCRemoteSwiftPackageReference section */

/* Begin XCSwiftPackageProductDependency section */
		A3E1C42F2C6933D60024EEF0 /* Realm */ = {
			isa = XCSwiftPackageProductDependency;
			package = A3E1C42E2C6933D60024EEF0 /* XCRemoteSwiftPackageReference "realm-cocoa" */;
			productName = Realm;
		};
		A3E1C4312C6933D60024EEF0 /* RealmSwift */ = {
			isa = XCSwiftPackageProductDependency;
			package = A3E1C42E2C6933D60024EEF0 /* XCRemoteSwiftPackageReference "realm-cocoa" */;
			productName = RealmSwift;
		};
		A3F3693C2C6A0E5500FEE29F /* APICats */ = {
			isa = XCSwiftPackageProductDependency;
			productName = APICats;
		};
/* End XCSwiftPackageProductDependency section */
	};
	rootObject = A3E1C4122C6932950024EEF0 /* Project object */;
}
